// !$*UTF8*$!
{
	archiveVersion = 1;
	classes = {
	};
	objectVersion = 52;
	objects = {

/* Begin PBXBuildFile section */
		0E020D14276A532B008571C8 /* ProBadge.swift in Sources */ = {isa = PBXBuildFile; fileRef = 0E020D13276A532B008571C8 /* ProBadge.swift */; };
		0E020D19276AA8F9008571C8 /* Published+UserDefaults.swift in Sources */ = {isa = PBXBuildFile; fileRef = 0E020D18276AA8F9008571C8 /* Published+UserDefaults.swift */; };
		0E020D1A276AA8F9008571C8 /* Published+UserDefaults.swift in Sources */ = {isa = PBXBuildFile; fileRef = 0E020D18276AA8F9008571C8 /* Published+UserDefaults.swift */; };
		0E1757AE26D5C65300C35984 /* SettingsView.swift in Sources */ = {isa = PBXBuildFile; fileRef = 0E1757AD26D5C65300C35984 /* SettingsView.swift */; };
		0E1757B126D5C88D00C35984 /* AppPage.swift in Sources */ = {isa = PBXBuildFile; fileRef = 0E1757B026D5C88D00C35984 /* AppPage.swift */; };
		0E1757B326D6B92200C35984 /* KeyboardManager.swift in Sources */ = {isa = PBXBuildFile; fileRef = 0E1757B226D6B92000C35984 /* KeyboardManager.swift */; };
		0E1757B526D6CD8700C35984 /* IPhoneDeviceType.swift in Sources */ = {isa = PBXBuildFile; fileRef = 0E1757B426D6CD8600C35984 /* IPhoneDeviceType.swift */; };
		0E1757B926D8031A00C35984 /* SettingsViewModel.swift in Sources */ = {isa = PBXBuildFile; fileRef = 0E1757B826D802F900C35984 /* SettingsViewModel.swift */; };
		0E385F3926E01A950077E40F /* GenericViewModel.swift in Sources */ = {isa = PBXBuildFile; fileRef = 0EE57CCB26D84C70001F14DA /* GenericViewModel.swift */; };
		0E385F3A26E01AA70077E40F /* randomBool.swift in Sources */ = {isa = PBXBuildFile; fileRef = 0EB31F812671966D00D91ED6 /* randomBool.swift */; };
		0E385F4A26E01B660077E40F /* UITextDocumentProxy+Custom.swift in Sources */ = {isa = PBXBuildFile; fileRef = 0E385F3F26E01B660077E40F /* UITextDocumentProxy+Custom.swift */; };
		0E385F4B26E01B660077E40F /* KeyboardViewController.swift in Sources */ = {isa = PBXBuildFile; fileRef = 0E385F4126E01B660077E40F /* KeyboardViewController.swift */; };
		0E385F4C26E01B660077E40F /* M3KKeyboardBehaivior.swift in Sources */ = {isa = PBXBuildFile; fileRef = 0E385F4326E01B660077E40F /* M3KKeyboardBehaivior.swift */; };
		0E385F4D26E01B660077E40F /* M3KActionHandler.swift in Sources */ = {isa = PBXBuildFile; fileRef = 0E385F4426E01B660077E40F /* M3KActionHandler.swift */; };
		0E385F4E26E01B660077E40F /* SettingsViewModel.swift in Sources */ = {isa = PBXBuildFile; fileRef = 0E385F4526E01B660077E40F /* SettingsViewModel.swift */; };
		0E385F4F26E01B660077E40F /* OptionsView.swift in Sources */ = {isa = PBXBuildFile; fileRef = 0E385F4726E01B660077E40F /* OptionsView.swift */; };
		0E385F5026E01B660077E40F /* KeyboardView.swift in Sources */ = {isa = PBXBuildFile; fileRef = 0E385F4826E01B660077E40F /* KeyboardView.swift */; };
		0E385F5426E01BEF0077E40F /* KeyboardKit in Frameworks */ = {isa = PBXBuildFile; productRef = 0E385F5326E01BEF0077E40F /* KeyboardKit */; };
		0E3CF7D4273C3A7900650BB5 /* ProPreviewSheet.swift in Sources */ = {isa = PBXBuildFile; fileRef = 0E3CF7D3273C3A7900650BB5 /* ProPreviewSheet.swift */; };
		0E6421BE26DE90EE0087E2BB /* LargeTextField.swift in Sources */ = {isa = PBXBuildFile; fileRef = 0E6421BD26DE90ED0087E2BB /* LargeTextField.swift */; };
		0E6421C126DE96A80087E2BB /* AlertToast in Frameworks */ = {isa = PBXBuildFile; productRef = 0E6421C026DE96A80087E2BB /* AlertToast */; };
		0E6BF9DA26D46BBE008868B7 /* memeinatorApp.swift in Sources */ = {isa = PBXBuildFile; fileRef = 0E6BF9D926D46BBE008868B7 /* memeinatorApp.swift */; };
		0E6BF9DC26D46BBE008868B7 /* ContentView.swift in Sources */ = {isa = PBXBuildFile; fileRef = 0E6BF9DB26D46BBE008868B7 /* ContentView.swift */; };
		0E6BF9DE26D46BCF008868B7 /* Assets.xcassets in Resources */ = {isa = PBXBuildFile; fileRef = 0E6BF9DD26D46BCF008868B7 /* Assets.xcassets */; };
		0E6BF9E126D46BCF008868B7 /* Preview Assets.xcassets in Resources */ = {isa = PBXBuildFile; fileRef = 0E6BF9E026D46BCF008868B7 /* Preview Assets.xcassets */; };
		0E6BF9EB26D46BD0008868B7 /* MemeinatorTests.swift in Sources */ = {isa = PBXBuildFile; fileRef = 0E6BF9EA26D46BD0008868B7 /* MemeinatorTests.swift */; };
		0E6BF9F526D46BD0008868B7 /* MemeinatorUITests.swift in Sources */ = {isa = PBXBuildFile; fileRef = 0E6BF9F426D46BD0008868B7 /* MemeinatorUITests.swift */; };
		0E6BFA0126D5BE93008868B7 /* LargeDivider.swift in Sources */ = {isa = PBXBuildFile; fileRef = 0E6BFA0026D5BE93008868B7 /* LargeDivider.swift */; };
		0E6BFA0326D5C08D008868B7 /* MemeinatorView.swift in Sources */ = {isa = PBXBuildFile; fileRef = 0E6BFA0226D5C08D008868B7 /* MemeinatorView.swift */; };
		0E6BFA0526D5C485008868B7 /* KeyboardView.swift in Sources */ = {isa = PBXBuildFile; fileRef = 0E6BFA0426D5C485008868B7 /* KeyboardView.swift */; };
		0E8C8F3326E12D58003E53AB /* BetterGroups.swift in Sources */ = {isa = PBXBuildFile; fileRef = 0E8C8F3226E12D58003E53AB /* BetterGroups.swift */; };
		0E8C8F3526E141EF003E53AB /* Persisted.swift in Sources */ = {isa = PBXBuildFile; fileRef = 0E8C8F3426E141EF003E53AB /* Persisted.swift */; };
		0E9C90AC2742F0D5004832DA /* RoundedBackground.swift in Sources */ = {isa = PBXBuildFile; fileRef = 0EE57CD026DB0556001F14DA /* RoundedBackground.swift */; };
		0EA551D6275EAAE300584065 /* UnicodeLiterals.swift in Sources */ = {isa = PBXBuildFile; fileRef = 0EA551D5275EAAE300584065 /* UnicodeLiterals.swift */; };
		0EA551D7275EAAE300584065 /* UnicodeLiterals.swift in Sources */ = {isa = PBXBuildFile; fileRef = 0EA551D5275EAAE300584065 /* UnicodeLiterals.swift */; };
		0EA551D9276139AD00584065 /* ZalgoState.swift in Sources */ = {isa = PBXBuildFile; fileRef = 0EA551D8276139AD00584065 /* ZalgoState.swift */; };
		0EB45804275A6E9A00DE41E7 /* Store.swift in Sources */ = {isa = PBXBuildFile; fileRef = 0ECDC593273F0F69001291C3 /* Store.swift */; };
		0EBA3ACF274571CF00058EB2 /* Introspect in Frameworks */ = {isa = PBXBuildFile; productRef = 0EBA3ACE274571CF00058EB2 /* Introspect */; };
		0EBDD5F526E018DC00CF3857 /* m3Keys.appex in Embed App Extensions */ = {isa = PBXBuildFile; fileRef = 0EBDD5EE26E018DC00CF3857 /* m3Keys.appex */; settings = {ATTRIBUTES = (RemoveHeadersOnCopy, ); }; };
		0EBF10E526E029B700CFA2BC /* SingleSegmentPicker.swift in Sources */ = {isa = PBXBuildFile; fileRef = 0EBF10E426E029B700CFA2BC /* SingleSegmentPicker.swift */; };
		0EBF10EA26E121EF00CFA2BC /* MemeSettingsView.swift in Sources */ = {isa = PBXBuildFile; fileRef = 0EBF10E926E121EF00CFA2BC /* MemeSettingsView.swift */; };
		0ECDC590273F0E6F001291C3 /* StoreKit.storekit in Resources */ = {isa = PBXBuildFile; fileRef = 0ECDC58F273F0E6F001291C3 /* StoreKit.storekit */; };
		0ECDC594273F0F69001291C3 /* Store.swift in Sources */ = {isa = PBXBuildFile; fileRef = 0ECDC593273F0F69001291C3 /* Store.swift */; };
		0EDBB7E62735DBDF0015457C /* CopyPasteRegen.swift in Sources */ = {isa = PBXBuildFile; fileRef = 0EDBB7E52735DBDF0015457C /* CopyPasteRegen.swift */; };
		0EE57CCE26D96B1C001F14DA /* GenericViewModel.swift in Sources */ = {isa = PBXBuildFile; fileRef = 0EE57CCB26D84C70001F14DA /* GenericViewModel.swift */; };
		0EE57CCF26D978A9001F14DA /* randomBool.swift in Sources */ = {isa = PBXBuildFile; fileRef = 0EB31F812671966D00D91ED6 /* randomBool.swift */; };
		0EE57CD126DB0556001F14DA /* RoundedBackground.swift in Sources */ = {isa = PBXBuildFile; fileRef = 0EE57CD026DB0556001F14DA /* RoundedBackground.swift */; };
/* End PBXBuildFile section */

/* Begin PBXContainerItemProxy section */
		0E6BF9E726D46BD0008868B7 /* PBXContainerItemProxy */ = {
			isa = PBXContainerItemProxy;
			containerPortal = D41F69F5210D5D4A006F5F3C /* Project object */;
			proxyType = 1;
			remoteGlobalIDString = 0E6BF9D626D46BBE008868B7;
			remoteInfo = memeinator3000.new;
		};
		0E6BF9F126D46BD0008868B7 /* PBXContainerItemProxy */ = {
			isa = PBXContainerItemProxy;
			containerPortal = D41F69F5210D5D4A006F5F3C /* Project object */;
			proxyType = 1;
			remoteGlobalIDString = 0E6BF9D626D46BBE008868B7;
			remoteInfo = memeinator3000.new;
		};
		0EBDD5F326E018DC00CF3857 /* PBXContainerItemProxy */ = {
			isa = PBXContainerItemProxy;
			containerPortal = D41F69F5210D5D4A006F5F3C /* Project object */;
			proxyType = 1;
			remoteGlobalIDString = 0EBDD5ED26E018DC00CF3857;
			remoteInfo = m3Keys;
		};
/* End PBXContainerItemProxy section */

/* Begin PBXCopyFilesBuildPhase section */
		0EBDD5FA26E018DC00CF3857 /* Embed App Extensions */ = {
			isa = PBXCopyFilesBuildPhase;
			buildActionMask = 2147483647;
			dstPath = "";
			dstSubfolderSpec = 13;
			files = (
				0EBDD5F526E018DC00CF3857 /* m3Keys.appex in Embed App Extensions */,
			);
			name = "Embed App Extensions";
			runOnlyForDeploymentPostprocessing = 0;
		};
/* End PBXCopyFilesBuildPhase section */

/* Begin PBXFileReference section */
		0E020D13276A532B008571C8 /* ProBadge.swift */ = {isa = PBXFileReference; lastKnownFileType = sourcecode.swift; path = ProBadge.swift; sourceTree = "<group>"; };
		0E020D18276AA8F9008571C8 /* Published+UserDefaults.swift */ = {isa = PBXFileReference; lastKnownFileType = sourcecode.swift; path = "Published+UserDefaults.swift"; sourceTree = "<group>"; };
		0E1757AD26D5C65300C35984 /* SettingsView.swift */ = {isa = PBXFileReference; lastKnownFileType = sourcecode.swift; path = SettingsView.swift; sourceTree = "<group>"; };
		0E1757B026D5C88D00C35984 /* AppPage.swift */ = {isa = PBXFileReference; lastKnownFileType = sourcecode.swift; path = AppPage.swift; sourceTree = "<group>"; };
		0E1757B226D6B92000C35984 /* KeyboardManager.swift */ = {isa = PBXFileReference; lastKnownFileType = sourcecode.swift; path = KeyboardManager.swift; sourceTree = "<group>"; };
		0E1757B426D6CD8600C35984 /* IPhoneDeviceType.swift */ = {isa = PBXFileReference; lastKnownFileType = sourcecode.swift; path = IPhoneDeviceType.swift; sourceTree = "<group>"; };
		0E1757B826D802F900C35984 /* SettingsViewModel.swift */ = {isa = PBXFileReference; lastKnownFileType = sourcecode.swift; path = SettingsViewModel.swift; sourceTree = "<group>"; };
		0E385F2026E019C90077E40F /* memeinator.new.tests.xctest */ = {isa = PBXFileReference; explicitFileType = wrapper.cfbundle; includeInIndex = 0; path = memeinator.new.tests.xctest; sourceTree = BUILT_PRODUCTS_DIR; };
		0E385F2126E019C90077E40F /* memeinator.new.UITests.xctest */ = {isa = PBXFileReference; explicitFileType = wrapper.cfbundle; includeInIndex = 0; path = memeinator.new.UITests.xctest; sourceTree = BUILT_PRODUCTS_DIR; };
		0E385F3F26E01B660077E40F /* UITextDocumentProxy+Custom.swift */ = {isa = PBXFileReference; fileEncoding = 4; lastKnownFileType = sourcecode.swift; path = "UITextDocumentProxy+Custom.swift"; sourceTree = "<group>"; };
		0E385F4126E01B660077E40F /* KeyboardViewController.swift */ = {isa = PBXFileReference; fileEncoding = 4; lastKnownFileType = sourcecode.swift; path = KeyboardViewController.swift; sourceTree = "<group>"; };
		0E385F4326E01B660077E40F /* M3KKeyboardBehaivior.swift */ = {isa = PBXFileReference; fileEncoding = 4; lastKnownFileType = sourcecode.swift; path = M3KKeyboardBehaivior.swift; sourceTree = "<group>"; };
		0E385F4426E01B660077E40F /* M3KActionHandler.swift */ = {isa = PBXFileReference; fileEncoding = 4; lastKnownFileType = sourcecode.swift; path = M3KActionHandler.swift; sourceTree = "<group>"; };
		0E385F4526E01B660077E40F /* SettingsViewModel.swift */ = {isa = PBXFileReference; fileEncoding = 4; lastKnownFileType = sourcecode.swift; path = SettingsViewModel.swift; sourceTree = "<group>"; };
		0E385F4726E01B660077E40F /* OptionsView.swift */ = {isa = PBXFileReference; fileEncoding = 4; lastKnownFileType = sourcecode.swift; path = OptionsView.swift; sourceTree = "<group>"; };
		0E385F4826E01B660077E40F /* KeyboardView.swift */ = {isa = PBXFileReference; fileEncoding = 4; lastKnownFileType = sourcecode.swift; path = KeyboardView.swift; sourceTree = "<group>"; };
		0E385F4926E01B660077E40F /* Info.plist */ = {isa = PBXFileReference; fileEncoding = 4; lastKnownFileType = text.plist.xml; path = Info.plist; sourceTree = "<group>"; };
		0E3CF7D3273C3A7900650BB5 /* ProPreviewSheet.swift */ = {isa = PBXFileReference; lastKnownFileType = sourcecode.swift; path = ProPreviewSheet.swift; sourceTree = "<group>"; };
		0E6421BD26DE90ED0087E2BB /* LargeTextField.swift */ = {isa = PBXFileReference; lastKnownFileType = sourcecode.swift; path = LargeTextField.swift; sourceTree = "<group>"; };
		0E6BF9D926D46BBE008868B7 /* memeinatorApp.swift */ = {isa = PBXFileReference; lastKnownFileType = sourcecode.swift; path = memeinatorApp.swift; sourceTree = "<group>"; };
		0E6BF9DB26D46BBE008868B7 /* ContentView.swift */ = {isa = PBXFileReference; lastKnownFileType = sourcecode.swift; path = ContentView.swift; sourceTree = "<group>"; };
		0E6BF9DD26D46BCF008868B7 /* Assets.xcassets */ = {isa = PBXFileReference; lastKnownFileType = folder.assetcatalog; path = Assets.xcassets; sourceTree = "<group>"; };
		0E6BF9E026D46BCF008868B7 /* Preview Assets.xcassets */ = {isa = PBXFileReference; lastKnownFileType = folder.assetcatalog; path = "Preview Assets.xcassets"; sourceTree = "<group>"; };
		0E6BF9EA26D46BD0008868B7 /* MemeinatorTests.swift */ = {isa = PBXFileReference; lastKnownFileType = sourcecode.swift; path = MemeinatorTests.swift; sourceTree = "<group>"; };
		0E6BF9F426D46BD0008868B7 /* MemeinatorUITests.swift */ = {isa = PBXFileReference; lastKnownFileType = sourcecode.swift; path = MemeinatorUITests.swift; sourceTree = "<group>"; };
		0E6BFA0026D5BE93008868B7 /* LargeDivider.swift */ = {isa = PBXFileReference; lastKnownFileType = sourcecode.swift; path = LargeDivider.swift; sourceTree = "<group>"; };
		0E6BFA0226D5C08D008868B7 /* MemeinatorView.swift */ = {isa = PBXFileReference; lastKnownFileType = sourcecode.swift; path = MemeinatorView.swift; sourceTree = "<group>"; };
		0E6BFA0426D5C485008868B7 /* KeyboardView.swift */ = {isa = PBXFileReference; lastKnownFileType = sourcecode.swift; path = KeyboardView.swift; sourceTree = "<group>"; };
		0E8C8F3226E12D58003E53AB /* BetterGroups.swift */ = {isa = PBXFileReference; lastKnownFileType = sourcecode.swift; path = BetterGroups.swift; sourceTree = "<group>"; };
		0E8C8F3426E141EF003E53AB /* Persisted.swift */ = {isa = PBXFileReference; lastKnownFileType = sourcecode.swift; path = Persisted.swift; sourceTree = "<group>"; };
		0E8C8F3726E14B2F003E53AB /* .swiftlint.yml */ = {isa = PBXFileReference; lastKnownFileType = text.yaml; path = .swiftlint.yml; sourceTree = "<group>"; };
		0EA551D5275EAAE300584065 /* UnicodeLiterals.swift */ = {isa = PBXFileReference; lastKnownFileType = sourcecode.swift; path = UnicodeLiterals.swift; sourceTree = "<group>"; };
		0EA551D8276139AD00584065 /* ZalgoState.swift */ = {isa = PBXFileReference; lastKnownFileType = sourcecode.swift; path = ZalgoState.swift; sourceTree = "<group>"; };
		0EB31F812671966D00D91ED6 /* randomBool.swift */ = {isa = PBXFileReference; lastKnownFileType = sourcecode.swift; path = randomBool.swift; sourceTree = "<group>"; };
		0EBDD5EE26E018DC00CF3857 /* m3Keys.appex */ = {isa = PBXFileReference; explicitFileType = "wrapper.app-extension"; includeInIndex = 0; path = m3Keys.appex; sourceTree = BUILT_PRODUCTS_DIR; };
		0EBDD5F626E018DC00CF3857 /* memeinator.new.app */ = {isa = PBXFileReference; explicitFileType = wrapper.application; includeInIndex = 0; path = memeinator.new.app; sourceTree = BUILT_PRODUCTS_DIR; };
		0EBF10E426E029B700CFA2BC /* SingleSegmentPicker.swift */ = {isa = PBXFileReference; lastKnownFileType = sourcecode.swift; path = SingleSegmentPicker.swift; sourceTree = "<group>"; };
		0EBF10E926E121EF00CFA2BC /* MemeSettingsView.swift */ = {isa = PBXFileReference; lastKnownFileType = sourcecode.swift; path = MemeSettingsView.swift; sourceTree = "<group>"; };
		0ECDC58F273F0E6F001291C3 /* StoreKit.storekit */ = {isa = PBXFileReference; lastKnownFileType = text; path = StoreKit.storekit; sourceTree = "<group>"; };
		0ECDC593273F0F69001291C3 /* Store.swift */ = {isa = PBXFileReference; lastKnownFileType = sourcecode.swift; path = Store.swift; sourceTree = "<group>"; };
		0EDBB7E52735DBDF0015457C /* CopyPasteRegen.swift */ = {isa = PBXFileReference; lastKnownFileType = sourcecode.swift; path = CopyPasteRegen.swift; sourceTree = "<group>"; };
		0EE57CCB26D84C70001F14DA /* GenericViewModel.swift */ = {isa = PBXFileReference; lastKnownFileType = sourcecode.swift; path = GenericViewModel.swift; sourceTree = "<group>"; };
		0EE57CD026DB0556001F14DA /* RoundedBackground.swift */ = {isa = PBXFileReference; lastKnownFileType = sourcecode.swift; path = RoundedBackground.swift; sourceTree = "<group>"; };
/* End PBXFileReference section */

/* Begin PBXFrameworksBuildPhase section */
		0E6BF9D426D46BBE008868B7 /* Frameworks */ = {
			isa = PBXFrameworksBuildPhase;
			buildActionMask = 2147483647;
			files = (
				0E6421C126DE96A80087E2BB /* AlertToast in Frameworks */,
				0EBA3ACF274571CF00058EB2 /* Introspect in Frameworks */,
			);
			runOnlyForDeploymentPostprocessing = 0;
		};
		0E6BF9E326D46BD0008868B7 /* Frameworks */ = {
			isa = PBXFrameworksBuildPhase;
			buildActionMask = 2147483647;
			files = (
			);
			runOnlyForDeploymentPostprocessing = 0;
		};
		0E6BF9ED26D46BD0008868B7 /* Frameworks */ = {
			isa = PBXFrameworksBuildPhase;
			buildActionMask = 2147483647;
			files = (
			);
			runOnlyForDeploymentPostprocessing = 0;
		};
		0EBDD5EB26E018DC00CF3857 /* Frameworks */ = {
			isa = PBXFrameworksBuildPhase;
			buildActionMask = 2147483647;
			files = (
				0E385F5426E01BEF0077E40F /* KeyboardKit in Frameworks */,
			);
			runOnlyForDeploymentPostprocessing = 0;
		};
/* End PBXFrameworksBuildPhase section */

/* Begin PBXGroup section */
		0E1757AF26D5C86800C35984 /* Model */ = {
			isa = PBXGroup;
			children = (
				0E1757B026D5C88D00C35984 /* AppPage.swift */,
				0E1757B226D6B92000C35984 /* KeyboardManager.swift */,
				0E1757B826D802F900C35984 /* SettingsViewModel.swift */,
				0EA551D8276139AD00584065 /* ZalgoState.swift */,
			);
			path = Model;
			sourceTree = "<group>";
		};
		0E385F3D26E01B660077E40F /* m3Keys */ = {
			isa = PBXGroup;
			children = (
				0E385F3E26E01B660077E40F /* Extensions */,
				0E385F4626E01B660077E40F /* Views */,
				0E385F4026E01B660077E40F /* ViewControllers */,
				0E385F4226E01B660077E40F /* Model */,
				0E385F4926E01B660077E40F /* Info.plist */,
			);
			path = m3Keys;
			sourceTree = "<group>";
		};
		0E385F3E26E01B660077E40F /* Extensions */ = {
			isa = PBXGroup;
			children = (
				0E385F3F26E01B660077E40F /* UITextDocumentProxy+Custom.swift */,
			);
			path = Extensions;
			sourceTree = "<group>";
		};
		0E385F4026E01B660077E40F /* ViewControllers */ = {
			isa = PBXGroup;
			children = (
				0E385F4126E01B660077E40F /* KeyboardViewController.swift */,
			);
			path = ViewControllers;
			sourceTree = "<group>";
		};
		0E385F4226E01B660077E40F /* Model */ = {
			isa = PBXGroup;
			children = (
				0E385F4326E01B660077E40F /* M3KKeyboardBehaivior.swift */,
				0E385F4426E01B660077E40F /* M3KActionHandler.swift */,
				0E385F4526E01B660077E40F /* SettingsViewModel.swift */,
			);
			path = Model;
			sourceTree = "<group>";
		};
		0E385F4626E01B660077E40F /* Views */ = {
			isa = PBXGroup;
			children = (
				0E385F4726E01B660077E40F /* OptionsView.swift */,
				0E385F4826E01B660077E40F /* KeyboardView.swift */,
			);
			path = Views;
			sourceTree = "<group>";
		};
		0E385F5226E01BEF0077E40F /* Frameworks */ = {
			isa = PBXGroup;
			children = (
			);
			name = Frameworks;
			sourceTree = "<group>";
		};
		0E6BF9D826D46BBE008868B7 /* memeinator.new */ = {
			isa = PBXGroup;
			children = (
				0E6BF9D926D46BBE008868B7 /* memeinatorApp.swift */,
				0E6BF9DB26D46BBE008868B7 /* ContentView.swift */,
				0E6BF9FF26D5BE79008868B7 /* Views */,
				0E1757AF26D5C86800C35984 /* Model */,
				0E6BF9DD26D46BCF008868B7 /* Assets.xcassets */,
				0E6BF9DF26D46BCF008868B7 /* Preview Content */,
				0ECDC58F273F0E6F001291C3 /* StoreKit.storekit */,
			);
			path = memeinator.new;
			sourceTree = "<group>";
		};
		0E6BF9DF26D46BCF008868B7 /* Preview Content */ = {
			isa = PBXGroup;
			children = (
				0E6BF9E026D46BCF008868B7 /* Preview Assets.xcassets */,
			);
			path = "Preview Content";
			sourceTree = "<group>";
		};
		0E6BF9E926D46BD0008868B7 /* memeinatorTests */ = {
			isa = PBXGroup;
			children = (
				0E6BF9EA26D46BD0008868B7 /* MemeinatorTests.swift */,
			);
			path = memeinatorTests;
			sourceTree = "<group>";
		};
		0E6BF9F326D46BD0008868B7 /* memeinatorUITests */ = {
			isa = PBXGroup;
			children = (
				0E6BF9F426D46BD0008868B7 /* MemeinatorUITests.swift */,
			);
			path = memeinatorUITests;
			sourceTree = "<group>";
		};
		0E6BF9FF26D5BE79008868B7 /* Views */ = {
			isa = PBXGroup;
			children = (
				0E6BFA0026D5BE93008868B7 /* LargeDivider.swift */,
				0E6BFA0226D5C08D008868B7 /* MemeinatorView.swift */,
				0EBF10E926E121EF00CFA2BC /* MemeSettingsView.swift */,
				0E8C8F3226E12D58003E53AB /* BetterGroups.swift */,
				0E6BFA0426D5C485008868B7 /* KeyboardView.swift */,
				0E1757AD26D5C65300C35984 /* SettingsView.swift */,
				0E6421BD26DE90ED0087E2BB /* LargeTextField.swift */,
				0EBF10E426E029B700CFA2BC /* SingleSegmentPicker.swift */,
				0EDBB7E52735DBDF0015457C /* CopyPasteRegen.swift */,
				0E3CF7D3273C3A7900650BB5 /* ProPreviewSheet.swift */,
				0E020D13276A532B008571C8 /* ProBadge.swift */,
			);
			path = Views;
			sourceTree = "<group>";
		};
		0EB20C9925AB8C2800D41488 /* Lib */ = {
			isa = PBXGroup;
			children = (
				0EE57CD026DB0556001F14DA /* RoundedBackground.swift */,
				0EB31F812671966D00D91ED6 /* randomBool.swift */,
				0E1757B426D6CD8600C35984 /* IPhoneDeviceType.swift */,
				0EE57CCB26D84C70001F14DA /* GenericViewModel.swift */,
				0E8C8F3426E141EF003E53AB /* Persisted.swift */,
				0ECDC593273F0F69001291C3 /* Store.swift */,
				0EA551D5275EAAE300584065 /* UnicodeLiterals.swift */,
				0E020D18276AA8F9008571C8 /* Published+UserDefaults.swift */,
			);
			path = Lib;
			sourceTree = "<group>";
		};
		D41F69F4210D5D4A006F5F3C = {
			isa = PBXGroup;
			children = (
				0E8C8F3726E14B2F003E53AB /* .swiftlint.yml */,
				0EB20C9925AB8C2800D41488 /* Lib */,
				0E6BF9D826D46BBE008868B7 /* memeinator.new */,
				0E6BF9E926D46BD0008868B7 /* memeinatorTests */,
				0E6BF9F326D46BD0008868B7 /* memeinatorUITests */,
				0E385F3D26E01B660077E40F /* m3Keys */,
				0EBDD5EE26E018DC00CF3857 /* m3Keys.appex */,
				0EBDD5F626E018DC00CF3857 /* memeinator.new.app */,
				0E385F2026E019C90077E40F /* memeinator.new.tests.xctest */,
				0E385F2126E019C90077E40F /* memeinator.new.UITests.xctest */,
				0E385F5226E01BEF0077E40F /* Frameworks */,
			);
			sourceTree = "<group>";
		};
/* End PBXGroup section */

/* Begin PBXNativeTarget section */
		0E6BF9D626D46BBE008868B7 /* memeinator.new */ = {
			isa = PBXNativeTarget;
			buildConfigurationList = 0E6BF9FC26D46BD0008868B7 /* Build configuration list for PBXNativeTarget "memeinator.new" */;
			buildPhases = (
				0E6BF9D326D46BBE008868B7 /* Sources */,
				0E6BF9D426D46BBE008868B7 /* Frameworks */,
				0E8C8F3626E148EE003E53AB /* Run Script */,
				0E6BF9D526D46BBE008868B7 /* Resources */,
				0EBDD5FA26E018DC00CF3857 /* Embed App Extensions */,
			);
			buildRules = (
			);
			dependencies = (
				0EBDD5F426E018DC00CF3857 /* PBXTargetDependency */,
			);
			name = memeinator.new;
			packageProductDependencies = (
				0E6421C026DE96A80087E2BB /* AlertToast */,
				0EBA3ACE274571CF00058EB2 /* Introspect */,
			);
			productName = memeinator3000.new;
			productReference = 0EBDD5F626E018DC00CF3857 /* memeinator.new.app */;
			productType = "com.apple.product-type.application";
		};
		0E6BF9E526D46BD0008868B7 /* memeinator.new.tests */ = {
			isa = PBXNativeTarget;
			buildConfigurationList = 0E6BF9FD26D46BD0008868B7 /* Build configuration list for PBXNativeTarget "memeinator.new.tests" */;
			buildPhases = (
				0E6BF9E226D46BD0008868B7 /* Sources */,
				0E6BF9E326D46BD0008868B7 /* Frameworks */,
				0E6BF9E426D46BD0008868B7 /* Resources */,
			);
			buildRules = (
			);
			dependencies = (
				0E6BF9E826D46BD0008868B7 /* PBXTargetDependency */,
			);
			name = memeinator.new.tests;
			productName = memeinator3000.newTests;
			productReference = 0E385F2026E019C90077E40F /* memeinator.new.tests.xctest */;
			productType = "com.apple.product-type.bundle.unit-test";
		};
		0E6BF9EF26D46BD0008868B7 /* memeinator.new.UITests */ = {
			isa = PBXNativeTarget;
			buildConfigurationList = 0E6BF9FE26D46BD0008868B7 /* Build configuration list for PBXNativeTarget "memeinator.new.UITests" */;
			buildPhases = (
				0E6BF9EC26D46BD0008868B7 /* Sources */,
				0E6BF9ED26D46BD0008868B7 /* Frameworks */,
				0E6BF9EE26D46BD0008868B7 /* Resources */,
			);
			buildRules = (
			);
			dependencies = (
				0E6BF9F226D46BD0008868B7 /* PBXTargetDependency */,
			);
			name = memeinator.new.UITests;
			productName = memeinator3000.newUITests;
			productReference = 0E385F2126E019C90077E40F /* memeinator.new.UITests.xctest */;
			productType = "com.apple.product-type.bundle.ui-testing";
		};
		0EBDD5ED26E018DC00CF3857 /* m3Keys */ = {
			isa = PBXNativeTarget;
			buildConfigurationList = 0EBDD5F726E018DC00CF3857 /* Build configuration list for PBXNativeTarget "m3Keys" */;
			buildPhases = (
				0EBDD5EA26E018DC00CF3857 /* Sources */,
				0EBDD5EB26E018DC00CF3857 /* Frameworks */,
				0EBDD5EC26E018DC00CF3857 /* Resources */,
			);
			buildRules = (
			);
			dependencies = (
			);
			name = m3Keys;
			packageProductDependencies = (
				0E385F5326E01BEF0077E40F /* KeyboardKit */,
			);
			productName = m3Keys;
			productReference = 0EBDD5EE26E018DC00CF3857 /* m3Keys.appex */;
			productType = "com.apple.product-type.app-extension";
		};
/* End PBXNativeTarget section */

/* Begin PBXProject section */
		D41F69F5210D5D4A006F5F3C /* Project object */ = {
			isa = PBXProject;
			attributes = {
				LastSwiftUpdateCheck = 1300;
				LastUpgradeCheck = 1300;
				ORGANIZATIONNAME = BytleBit;
				TargetAttributes = {
					0E6BF9D626D46BBE008868B7 = {
						CreatedOnToolsVersion = 13.0;
					};
					0E6BF9E526D46BD0008868B7 = {
						CreatedOnToolsVersion = 13.0;
						TestTargetID = 0E6BF9D626D46BBE008868B7;
					};
					0E6BF9EF26D46BD0008868B7 = {
						CreatedOnToolsVersion = 13.0;
						TestTargetID = 0E6BF9D626D46BBE008868B7;
					};
					0EBDD5ED26E018DC00CF3857 = {
						CreatedOnToolsVersion = 13.0;
					};
				};
			};
			buildConfigurationList = D41F69F8210D5D4A006F5F3C /* Build configuration list for PBXProject "memeinator3000" */;
			compatibilityVersion = "Xcode 9.3";
			developmentRegion = en;
			hasScannedForEncodings = 0;
			knownRegions = (
				en,
				Base,
			);
			mainGroup = D41F69F4210D5D4A006F5F3C;
			packageReferences = (
				0E6421BF26DE96A80087E2BB /* XCRemoteSwiftPackageReference "AlertToast" */,
				0E385F2226E019F10077E40F /* XCRemoteSwiftPackageReference "KeyboardKit" */,
				0EBA3ACD274571CF00058EB2 /* XCRemoteSwiftPackageReference "SwiftUI-Introspect" */,
			);
			productRefGroup = D41F69F4210D5D4A006F5F3C;
			projectDirPath = "";
			projectRoot = "";
			targets = (
				0E6BF9D626D46BBE008868B7 /* memeinator.new */,
				0E6BF9E526D46BD0008868B7 /* memeinator.new.tests */,
				0E6BF9EF26D46BD0008868B7 /* memeinator.new.UITests */,
				0EBDD5ED26E018DC00CF3857 /* m3Keys */,
			);
		};
/* End PBXProject section */

/* Begin PBXResourcesBuildPhase section */
		0E6BF9D526D46BBE008868B7 /* Resources */ = {
			isa = PBXResourcesBuildPhase;
			buildActionMask = 2147483647;
			files = (
				0ECDC590273F0E6F001291C3 /* StoreKit.storekit in Resources */,
				0E6BF9E126D46BCF008868B7 /* Preview Assets.xcassets in Resources */,
				0E6BF9DE26D46BCF008868B7 /* Assets.xcassets in Resources */,
			);
			runOnlyForDeploymentPostprocessing = 0;
		};
		0E6BF9E426D46BD0008868B7 /* Resources */ = {
			isa = PBXResourcesBuildPhase;
			buildActionMask = 2147483647;
			files = (
			);
			runOnlyForDeploymentPostprocessing = 0;
		};
		0E6BF9EE26D46BD0008868B7 /* Resources */ = {
			isa = PBXResourcesBuildPhase;
			buildActionMask = 2147483647;
			files = (
			);
			runOnlyForDeploymentPostprocessing = 0;
		};
		0EBDD5EC26E018DC00CF3857 /* Resources */ = {
			isa = PBXResourcesBuildPhase;
			buildActionMask = 2147483647;
			files = (
			);
			runOnlyForDeploymentPostprocessing = 0;
		};
/* End PBXResourcesBuildPhase section */

/* Begin PBXShellScriptBuildPhase section */
		0E8C8F3626E148EE003E53AB /* Run Script */ = {
			isa = PBXShellScriptBuildPhase;
			buildActionMask = 2147483647;
			files = (
			);
			inputFileListPaths = (
			);
			inputPaths = (
			);
			name = "Run Script";
			outputFileListPaths = (
			);
			outputPaths = (
			);
			runOnlyForDeploymentPostprocessing = 0;
			shellPath = /bin/sh;
			shellScript = "# Type a script or drag a script file from your workspace to insert its path.\nif which swiftlint >/dev/null; then\n  swiftlint --lenient\nelse\n  echo \"warning: SwiftLint not installed, download from https://github.com/realm/SwiftLint\"\nfi\n";
		};
/* End PBXShellScriptBuildPhase section */

/* Begin PBXSourcesBuildPhase section */
		0E6BF9D326D46BBE008868B7 /* Sources */ = {
			isa = PBXSourcesBuildPhase;
			buildActionMask = 2147483647;
			files = (
				0ECDC594273F0F69001291C3 /* Store.swift in Sources */,
				0E8C8F3326E12D58003E53AB /* BetterGroups.swift in Sources */,
				0E1757B126D5C88D00C35984 /* AppPage.swift in Sources */,
				0EBF10EA26E121EF00CFA2BC /* MemeSettingsView.swift in Sources */,
				0EE57CD126DB0556001F14DA /* RoundedBackground.swift in Sources */,
				0EA551D6275EAAE300584065 /* UnicodeLiterals.swift in Sources */,
				0EE57CCE26D96B1C001F14DA /* GenericViewModel.swift in Sources */,
				0E6BF9DC26D46BBE008868B7 /* ContentView.swift in Sources */,
				0E6BF9DA26D46BBE008868B7 /* memeinatorApp.swift in Sources */,
				0EE57CCF26D978A9001F14DA /* randomBool.swift in Sources */,
				0EA551D9276139AD00584065 /* ZalgoState.swift in Sources */,
				0E3CF7D4273C3A7900650BB5 /* ProPreviewSheet.swift in Sources */,
				0E6BFA0126D5BE93008868B7 /* LargeDivider.swift in Sources */,
				0EBF10E526E029B700CFA2BC /* SingleSegmentPicker.swift in Sources */,
				0E1757B926D8031A00C35984 /* SettingsViewModel.swift in Sources */,
				0EDBB7E62735DBDF0015457C /* CopyPasteRegen.swift in Sources */,
				0E8C8F3526E141EF003E53AB /* Persisted.swift in Sources */,
				0E1757B326D6B92200C35984 /* KeyboardManager.swift in Sources */,
				0E1757AE26D5C65300C35984 /* SettingsView.swift in Sources */,
				0E1757B526D6CD8700C35984 /* IPhoneDeviceType.swift in Sources */,
				0E020D19276AA8F9008571C8 /* Published+UserDefaults.swift in Sources */,
				0E6BFA0526D5C485008868B7 /* KeyboardView.swift in Sources */,
				0E020D14276A532B008571C8 /* ProBadge.swift in Sources */,
				0E6BFA0326D5C08D008868B7 /* MemeinatorView.swift in Sources */,
				0E6421BE26DE90EE0087E2BB /* LargeTextField.swift in Sources */,
			);
			runOnlyForDeploymentPostprocessing = 0;
		};
		0E6BF9E226D46BD0008868B7 /* Sources */ = {
			isa = PBXSourcesBuildPhase;
			buildActionMask = 2147483647;
			files = (
				0E6BF9EB26D46BD0008868B7 /* MemeinatorTests.swift in Sources */,
			);
			runOnlyForDeploymentPostprocessing = 0;
		};
		0E6BF9EC26D46BD0008868B7 /* Sources */ = {
			isa = PBXSourcesBuildPhase;
			buildActionMask = 2147483647;
			files = (
				0E6BF9F526D46BD0008868B7 /* MemeinatorUITests.swift in Sources */,
			);
			runOnlyForDeploymentPostprocessing = 0;
		};
		0EBDD5EA26E018DC00CF3857 /* Sources */ = {
			isa = PBXSourcesBuildPhase;
			buildActionMask = 2147483647;
			files = (
				0E385F3926E01A950077E40F /* GenericViewModel.swift in Sources */,
				0E9C90AC2742F0D5004832DA /* RoundedBackground.swift in Sources */,
				0E385F4A26E01B660077E40F /* UITextDocumentProxy+Custom.swift in Sources */,
				0E385F4D26E01B660077E40F /* M3KActionHandler.swift in Sources */,
				0E385F5026E01B660077E40F /* KeyboardView.swift in Sources */,
				0E020D1A276AA8F9008571C8 /* Published+UserDefaults.swift in Sources */,
				0E385F4F26E01B660077E40F /* OptionsView.swift in Sources */,
				0EB45804275A6E9A00DE41E7 /* Store.swift in Sources */,
				0EA551D7275EAAE300584065 /* UnicodeLiterals.swift in Sources */,
				0E385F4C26E01B660077E40F /* M3KKeyboardBehaivior.swift in Sources */,
				0E385F3A26E01AA70077E40F /* randomBool.swift in Sources */,
				0E385F4B26E01B660077E40F /* KeyboardViewController.swift in Sources */,
				0E385F4E26E01B660077E40F /* SettingsViewModel.swift in Sources */,
			);
			runOnlyForDeploymentPostprocessing = 0;
		};
/* End PBXSourcesBuildPhase section */

/* Begin PBXTargetDependency section */
		0E6BF9E826D46BD0008868B7 /* PBXTargetDependency */ = {
			isa = PBXTargetDependency;
			target = 0E6BF9D626D46BBE008868B7 /* memeinator.new */;
			targetProxy = 0E6BF9E726D46BD0008868B7 /* PBXContainerItemProxy */;
		};
		0E6BF9F226D46BD0008868B7 /* PBXTargetDependency */ = {
			isa = PBXTargetDependency;
			target = 0E6BF9D626D46BBE008868B7 /* memeinator.new */;
			targetProxy = 0E6BF9F126D46BD0008868B7 /* PBXContainerItemProxy */;
		};
		0EBDD5F426E018DC00CF3857 /* PBXTargetDependency */ = {
			isa = PBXTargetDependency;
			target = 0EBDD5ED26E018DC00CF3857 /* m3Keys */;
			targetProxy = 0EBDD5F326E018DC00CF3857 /* PBXContainerItemProxy */;
		};
/* End PBXTargetDependency section */

/* Begin XCBuildConfiguration section */
		0E6BF9F626D46BD0008868B7 /* Debug */ = {
			isa = XCBuildConfiguration;
			buildSettings = {
				ALWAYS_EMBED_SWIFT_STANDARD_LIBRARIES = YES;
				ASSETCATALOG_COMPILER_APPICON_NAME = AppIcon;
				ASSETCATALOG_COMPILER_GLOBAL_ACCENT_COLOR_NAME = AccentColor;
				CLANG_CXX_LANGUAGE_STANDARD = "gnu++17";
				CODE_SIGN_STYLE = Automatic;
				CURRENT_PROJECT_VERSION = 3;
				DEBUG_INFORMATION_FORMAT = dwarf;
				DEVELOPMENT_ASSET_PATHS = "\"memeinator.new/Preview Content\"";
				DEVELOPMENT_TEAM = CSYD442PMH;
				ENABLE_PREVIEWS = YES;
				GENERATE_INFOPLIST_FILE = YES;
				INFOPLIST_FILE = "memeinator-new-Info.plist";
				INFOPLIST_KEY_CFBundleDisplayName = memeinator;
				INFOPLIST_KEY_UIApplicationSceneManifest_Generation = YES;
				INFOPLIST_KEY_UIApplicationSupportsIndirectInputEvents = YES;
				INFOPLIST_KEY_UILaunchScreen_Generation = YES;
				INFOPLIST_KEY_UISupportedInterfaceOrientations = UIInterfaceOrientationPortrait;
				INFOPLIST_KEY_UISupportedInterfaceOrientations_iPhone = UIInterfaceOrientationPortrait;
				IPHONEOS_DEPLOYMENT_TARGET = 15.0;
				LD_RUNPATH_SEARCH_PATHS = (
					"$(inherited)",
					"@executable_path/Frameworks",
				);
				MARKETING_VERSION = 2.1;
				MTL_FAST_MATH = YES;
				PRODUCT_BUNDLE_IDENTIFIER = com.bb.memeinator;
				PRODUCT_NAME = memeinator.new;
				SWIFT_EMIT_LOC_STRINGS = YES;
				SWIFT_VERSION = 5.0;
				TARGETED_DEVICE_FAMILY = 1;
			};
			name = Debug;
		};
		0E6BF9F726D46BD0008868B7 /* Release */ = {
			isa = XCBuildConfiguration;
			buildSettings = {
				ALWAYS_EMBED_SWIFT_STANDARD_LIBRARIES = YES;
				ASSETCATALOG_COMPILER_APPICON_NAME = AppIcon;
				ASSETCATALOG_COMPILER_GLOBAL_ACCENT_COLOR_NAME = AccentColor;
				CLANG_CXX_LANGUAGE_STANDARD = "gnu++17";
				CODE_SIGN_STYLE = Automatic;
				CURRENT_PROJECT_VERSION = 3;
				DEVELOPMENT_ASSET_PATHS = "\"memeinator.new/Preview Content\"";
				DEVELOPMENT_TEAM = CSYD442PMH;
				ENABLE_PREVIEWS = YES;
				GENERATE_INFOPLIST_FILE = YES;
				INFOPLIST_FILE = "memeinator-new-Info.plist";
				INFOPLIST_KEY_CFBundleDisplayName = memeinator;
				INFOPLIST_KEY_UIApplicationSceneManifest_Generation = YES;
				INFOPLIST_KEY_UIApplicationSupportsIndirectInputEvents = YES;
				INFOPLIST_KEY_UILaunchScreen_Generation = YES;
				INFOPLIST_KEY_UISupportedInterfaceOrientations = UIInterfaceOrientationPortrait;
				INFOPLIST_KEY_UISupportedInterfaceOrientations_iPhone = UIInterfaceOrientationPortrait;
				IPHONEOS_DEPLOYMENT_TARGET = 15.0;
				LD_RUNPATH_SEARCH_PATHS = (
					"$(inherited)",
					"@executable_path/Frameworks",
				);
				MARKETING_VERSION = 2.1;
				MTL_FAST_MATH = YES;
				PRODUCT_BUNDLE_IDENTIFIER = com.bb.memeinator;
				PRODUCT_NAME = memeinator.new;
				SWIFT_EMIT_LOC_STRINGS = YES;
				SWIFT_VERSION = 5.0;
				TARGETED_DEVICE_FAMILY = 1;
			};
			name = Release;
		};
		0E6BF9F826D46BD0008868B7 /* Debug */ = {
			isa = XCBuildConfiguration;
			buildSettings = {
				ALWAYS_EMBED_SWIFT_STANDARD_LIBRARIES = YES;
				BUNDLE_LOADER = "$(TEST_HOST)";
				CLANG_CXX_LANGUAGE_STANDARD = "gnu++17";
				CODE_SIGN_STYLE = Automatic;
				CURRENT_PROJECT_VERSION = 1;
				DEBUG_INFORMATION_FORMAT = dwarf;
				DEVELOPMENT_TEAM = CSYD442PMH;
				GENERATE_INFOPLIST_FILE = YES;
				IPHONEOS_DEPLOYMENT_TARGET = 15.0;
				LD_RUNPATH_SEARCH_PATHS = (
					"$(inherited)",
					"@executable_path/Frameworks",
					"@loader_path/Frameworks",
				);
				MARKETING_VERSION = 1.0;
				MTL_FAST_MATH = YES;
				PRODUCT_BUNDLE_IDENTIFIER = "h.memeinator3000-newTests";
				PRODUCT_NAME = "$(TARGET_NAME)";
				SWIFT_EMIT_LOC_STRINGS = NO;
				SWIFT_VERSION = 5.0;
				TARGETED_DEVICE_FAMILY = "1,2";
				TEST_HOST = "$(BUILT_PRODUCTS_DIR)/memeinator.new.app/memeinator.new";
			};
			name = Debug;
		};
		0E6BF9F926D46BD0008868B7 /* Release */ = {
			isa = XCBuildConfiguration;
			buildSettings = {
				ALWAYS_EMBED_SWIFT_STANDARD_LIBRARIES = YES;
				BUNDLE_LOADER = "$(TEST_HOST)";
				CLANG_CXX_LANGUAGE_STANDARD = "gnu++17";
				CODE_SIGN_STYLE = Automatic;
				CURRENT_PROJECT_VERSION = 1;
				DEVELOPMENT_TEAM = CSYD442PMH;
				GENERATE_INFOPLIST_FILE = YES;
				IPHONEOS_DEPLOYMENT_TARGET = 15.0;
				LD_RUNPATH_SEARCH_PATHS = (
					"$(inherited)",
					"@executable_path/Frameworks",
					"@loader_path/Frameworks",
				);
				MARKETING_VERSION = 1.0;
				MTL_FAST_MATH = YES;
				PRODUCT_BUNDLE_IDENTIFIER = "h.memeinator3000-newTests";
				PRODUCT_NAME = "$(TARGET_NAME)";
				SWIFT_EMIT_LOC_STRINGS = NO;
				SWIFT_VERSION = 5.0;
				TARGETED_DEVICE_FAMILY = "1,2";
				TEST_HOST = "$(BUILT_PRODUCTS_DIR)/memeinator.new.app/memeinator.new";
			};
			name = Release;
		};
		0E6BF9FA26D46BD0008868B7 /* Debug */ = {
			isa = XCBuildConfiguration;
			buildSettings = {
				ALWAYS_EMBED_SWIFT_STANDARD_LIBRARIES = YES;
				CLANG_CXX_LANGUAGE_STANDARD = "gnu++17";
				CODE_SIGN_STYLE = Automatic;
				CURRENT_PROJECT_VERSION = 1;
				DEBUG_INFORMATION_FORMAT = dwarf;
				DEVELOPMENT_TEAM = CSYD442PMH;
				GENERATE_INFOPLIST_FILE = YES;
				LD_RUNPATH_SEARCH_PATHS = (
					"$(inherited)",
					"@executable_path/Frameworks",
					"@loader_path/Frameworks",
				);
				MARKETING_VERSION = 1.0;
				MTL_FAST_MATH = YES;
				PRODUCT_BUNDLE_IDENTIFIER = "h.memeinator3000-newUITests";
				PRODUCT_NAME = "$(TARGET_NAME)";
				SWIFT_EMIT_LOC_STRINGS = NO;
				SWIFT_VERSION = 5.0;
				TARGETED_DEVICE_FAMILY = "1,2";
				TEST_TARGET_NAME = memeinator3000.new;
			};
			name = Debug;
		};
		0E6BF9FB26D46BD0008868B7 /* Release */ = {
			isa = XCBuildConfiguration;
			buildSettings = {
				ALWAYS_EMBED_SWIFT_STANDARD_LIBRARIES = YES;
				CLANG_CXX_LANGUAGE_STANDARD = "gnu++17";
				CODE_SIGN_STYLE = Automatic;
				CURRENT_PROJECT_VERSION = 1;
				DEVELOPMENT_TEAM = CSYD442PMH;
				GENERATE_INFOPLIST_FILE = YES;
				LD_RUNPATH_SEARCH_PATHS = (
					"$(inherited)",
					"@executable_path/Frameworks",
					"@loader_path/Frameworks",
				);
				MARKETING_VERSION = 1.0;
				MTL_FAST_MATH = YES;
				PRODUCT_BUNDLE_IDENTIFIER = "h.memeinator3000-newUITests";
				PRODUCT_NAME = "$(TARGET_NAME)";
				SWIFT_EMIT_LOC_STRINGS = NO;
				SWIFT_VERSION = 5.0;
				TARGETED_DEVICE_FAMILY = "1,2";
				TEST_TARGET_NAME = memeinator3000.new;
			};
			name = Release;
		};
		0EBDD5F826E018DC00CF3857 /* Debug */ = {
			isa = XCBuildConfiguration;
			buildSettings = {
				CLANG_CXX_LANGUAGE_STANDARD = "gnu++17";
				CODE_SIGN_STYLE = Automatic;
				CURRENT_PROJECT_VERSION = 3;
				DEBUG_INFORMATION_FORMAT = dwarf;
				DEVELOPMENT_TEAM = CSYD442PMH;
				GENERATE_INFOPLIST_FILE = YES;
				INFOPLIST_FILE = m3Keys/Info.plist;
				INFOPLIST_KEY_CFBundleDisplayName = m3Keys;
				INFOPLIST_KEY_NSHumanReadableCopyright = "Copyright © 2021 BytleBit. All rights reserved.";
				LD_RUNPATH_SEARCH_PATHS = (
					"$(inherited)",
					"@executable_path/Frameworks",
					"@executable_path/../../Frameworks",
				);
				MARKETING_VERSION = 2.1;
				MTL_FAST_MATH = YES;
				PRODUCT_BUNDLE_IDENTIFIER = com.bb.memeinator.m3Keys;
				PRODUCT_NAME = "$(TARGET_NAME)";
				SKIP_INSTALL = YES;
				SWIFT_EMIT_LOC_STRINGS = YES;
				SWIFT_VERSION = 5.0;
				TARGETED_DEVICE_FAMILY = "1,2";
			};
			name = Debug;
		};
		0EBDD5F926E018DC00CF3857 /* Release */ = {
			isa = XCBuildConfiguration;
			buildSettings = {
				CLANG_CXX_LANGUAGE_STANDARD = "gnu++17";
				CODE_SIGN_STYLE = Automatic;
				CURRENT_PROJECT_VERSION = 3;
				DEVELOPMENT_TEAM = CSYD442PMH;
				GENERATE_INFOPLIST_FILE = YES;
				INFOPLIST_FILE = m3Keys/Info.plist;
				INFOPLIST_KEY_CFBundleDisplayName = m3Keys;
				INFOPLIST_KEY_NSHumanReadableCopyright = "Copyright © 2021 BytleBit. All rights reserved.";
				LD_RUNPATH_SEARCH_PATHS = (
					"$(inherited)",
					"@executable_path/Frameworks",
					"@executable_path/../../Frameworks",
				);
				MARKETING_VERSION = 2.1;
				MTL_FAST_MATH = YES;
				PRODUCT_BUNDLE_IDENTIFIER = com.bb.memeinator.m3Keys;
				PRODUCT_NAME = "$(TARGET_NAME)";
				SKIP_INSTALL = YES;
				SWIFT_EMIT_LOC_STRINGS = YES;
				SWIFT_VERSION = 5.0;
				TARGETED_DEVICE_FAMILY = "1,2";
			};
			name = Release;
		};
		D41F6A18210D5D4F006F5F3C /* Debug */ = {
			isa = XCBuildConfiguration;
			buildSettings = {
				ALWAYS_SEARCH_USER_PATHS = NO;
				CLANG_ANALYZER_NONNULL = YES;
				CLANG_ANALYZER_NUMBER_OBJECT_CONVERSION = YES_AGGRESSIVE;
				CLANG_CXX_LANGUAGE_STANDARD = "gnu++14";
				CLANG_CXX_LIBRARY = "libc++";
				CLANG_ENABLE_MODULES = YES;
				CLANG_ENABLE_OBJC_ARC = YES;
				CLANG_ENABLE_OBJC_WEAK = YES;
				CLANG_WARN_BLOCK_CAPTURE_AUTORELEASING = YES;
				CLANG_WARN_BOOL_CONVERSION = YES;
				CLANG_WARN_COMMA = YES;
				CLANG_WARN_CONSTANT_CONVERSION = YES;
				CLANG_WARN_DEPRECATED_OBJC_IMPLEMENTATIONS = YES;
				CLANG_WARN_DIRECT_OBJC_ISA_USAGE = YES_ERROR;
				CLANG_WARN_DOCUMENTATION_COMMENTS = YES;
				CLANG_WARN_EMPTY_BODY = YES;
				CLANG_WARN_ENUM_CONVERSION = YES;
				CLANG_WARN_INFINITE_RECURSION = YES;
				CLANG_WARN_INT_CONVERSION = YES;
				CLANG_WARN_NON_LITERAL_NULL_CONVERSION = YES;
				CLANG_WARN_OBJC_IMPLICIT_RETAIN_SELF = YES;
				CLANG_WARN_OBJC_LITERAL_CONVERSION = YES;
				CLANG_WARN_OBJC_ROOT_CLASS = YES_ERROR;
				CLANG_WARN_QUOTED_INCLUDE_IN_FRAMEWORK_HEADER = YES;
				CLANG_WARN_RANGE_LOOP_ANALYSIS = YES;
				CLANG_WARN_STRICT_PROTOTYPES = YES;
				CLANG_WARN_SUSPICIOUS_MOVE = YES;
				CLANG_WARN_UNGUARDED_AVAILABILITY = YES_AGGRESSIVE;
				CLANG_WARN_UNREACHABLE_CODE = YES;
				CLANG_WARN__DUPLICATE_METHOD_MATCH = YES;
				CODE_SIGN_IDENTITY = "iPhone Developer";
				COPY_PHASE_STRIP = NO;
				DEBUG_INFORMATION_FORMAT = "dwarf-with-dsym";
				ENABLE_STRICT_OBJC_MSGSEND = YES;
				ENABLE_TESTABILITY = YES;
				GCC_C_LANGUAGE_STANDARD = gnu11;
				GCC_DYNAMIC_NO_PIC = NO;
				GCC_NO_COMMON_BLOCKS = YES;
				GCC_OPTIMIZATION_LEVEL = 0;
				GCC_PREPROCESSOR_DEFINITIONS = (
					"DEBUG=1",
					"$(inherited)",
				);
				GCC_WARN_64_TO_32_BIT_CONVERSION = YES;
				GCC_WARN_ABOUT_RETURN_TYPE = YES_ERROR;
				GCC_WARN_UNDECLARED_SELECTOR = YES;
				GCC_WARN_UNINITIALIZED_AUTOS = YES_AGGRESSIVE;
				GCC_WARN_UNUSED_FUNCTION = YES;
				GCC_WARN_UNUSED_VARIABLE = YES;
				IPHONEOS_DEPLOYMENT_TARGET = 15.0;
				MTL_ENABLE_DEBUG_INFO = INCLUDE_SOURCE;
				ONLY_ACTIVE_ARCH = YES;
				SDKROOT = iphoneos;
				SWIFT_ACTIVE_COMPILATION_CONDITIONS = DEBUG;
				SWIFT_OPTIMIZATION_LEVEL = "-Onone";
			};
			name = Debug;
		};
		D41F6A19210D5D4F006F5F3C /* Release */ = {
			isa = XCBuildConfiguration;
			buildSettings = {
				ALWAYS_SEARCH_USER_PATHS = NO;
				CLANG_ANALYZER_NONNULL = YES;
				CLANG_ANALYZER_NUMBER_OBJECT_CONVERSION = YES_AGGRESSIVE;
				CLANG_CXX_LANGUAGE_STANDARD = "gnu++14";
				CLANG_CXX_LIBRARY = "libc++";
				CLANG_ENABLE_MODULES = YES;
				CLANG_ENABLE_OBJC_ARC = YES;
				CLANG_ENABLE_OBJC_WEAK = YES;
				CLANG_WARN_BLOCK_CAPTURE_AUTORELEASING = YES;
				CLANG_WARN_BOOL_CONVERSION = YES;
				CLANG_WARN_COMMA = YES;
				CLANG_WARN_CONSTANT_CONVERSION = YES;
				CLANG_WARN_DEPRECATED_OBJC_IMPLEMENTATIONS = YES;
				CLANG_WARN_DIRECT_OBJC_ISA_USAGE = YES_ERROR;
				CLANG_WARN_DOCUMENTATION_COMMENTS = YES;
				CLANG_WARN_EMPTY_BODY = YES;
				CLANG_WARN_ENUM_CONVERSION = YES;
				CLANG_WARN_INFINITE_RECURSION = YES;
				CLANG_WARN_INT_CONVERSION = YES;
				CLANG_WARN_NON_LITERAL_NULL_CONVERSION = YES;
				CLANG_WARN_OBJC_IMPLICIT_RETAIN_SELF = YES;
				CLANG_WARN_OBJC_LITERAL_CONVERSION = YES;
				CLANG_WARN_OBJC_ROOT_CLASS = YES_ERROR;
				CLANG_WARN_QUOTED_INCLUDE_IN_FRAMEWORK_HEADER = YES;
				CLANG_WARN_RANGE_LOOP_ANALYSIS = YES;
				CLANG_WARN_STRICT_PROTOTYPES = YES;
				CLANG_WARN_SUSPICIOUS_MOVE = YES;
				CLANG_WARN_UNGUARDED_AVAILABILITY = YES_AGGRESSIVE;
				CLANG_WARN_UNREACHABLE_CODE = YES;
				CLANG_WARN__DUPLICATE_METHOD_MATCH = YES;
				CODE_SIGN_IDENTITY = "iPhone Developer";
				COPY_PHASE_STRIP = NO;
				DEBUG_INFORMATION_FORMAT = "dwarf-with-dsym";
				ENABLE_NS_ASSERTIONS = NO;
				ENABLE_STRICT_OBJC_MSGSEND = YES;
				GCC_C_LANGUAGE_STANDARD = gnu11;
				GCC_NO_COMMON_BLOCKS = YES;
				GCC_WARN_64_TO_32_BIT_CONVERSION = YES;
				GCC_WARN_ABOUT_RETURN_TYPE = YES_ERROR;
				GCC_WARN_UNDECLARED_SELECTOR = YES;
				GCC_WARN_UNINITIALIZED_AUTOS = YES_AGGRESSIVE;
				GCC_WARN_UNUSED_FUNCTION = YES;
				GCC_WARN_UNUSED_VARIABLE = YES;
				IPHONEOS_DEPLOYMENT_TARGET = 15.0;
				MTL_ENABLE_DEBUG_INFO = NO;
				SDKROOT = iphoneos;
				SWIFT_COMPILATION_MODE = wholemodule;
				SWIFT_OPTIMIZATION_LEVEL = "-O";
				VALIDATE_PRODUCT = YES;
			};
			name = Release;
		};
/* End XCBuildConfiguration section */

/* Begin XCConfigurationList section */
		0E6BF9FC26D46BD0008868B7 /* Build configuration list for PBXNativeTarget "memeinator.new" */ = {
			isa = XCConfigurationList;
			buildConfigurations = (
				0E6BF9F626D46BD0008868B7 /* Debug */,
				0E6BF9F726D46BD0008868B7 /* Release */,
			);
			defaultConfigurationIsVisible = 0;
			defaultConfigurationName = Release;
		};
		0E6BF9FD26D46BD0008868B7 /* Build configuration list for PBXNativeTarget "memeinator.new.tests" */ = {
			isa = XCConfigurationList;
			buildConfigurations = (
				0E6BF9F826D46BD0008868B7 /* Debug */,
				0E6BF9F926D46BD0008868B7 /* Release */,
			);
			defaultConfigurationIsVisible = 0;
			defaultConfigurationName = Release;
		};
		0E6BF9FE26D46BD0008868B7 /* Build configuration list for PBXNativeTarget "memeinator.new.UITests" */ = {
			isa = XCConfigurationList;
			buildConfigurations = (
				0E6BF9FA26D46BD0008868B7 /* Debug */,
				0E6BF9FB26D46BD0008868B7 /* Release */,
			);
			defaultConfigurationIsVisible = 0;
			defaultConfigurationName = Release;
		};
		0EBDD5F726E018DC00CF3857 /* Build configuration list for PBXNativeTarget "m3Keys" */ = {
			isa = XCConfigurationList;
			buildConfigurations = (
				0EBDD5F826E018DC00CF3857 /* Debug */,
				0EBDD5F926E018DC00CF3857 /* Release */,
			);
			defaultConfigurationIsVisible = 0;
			defaultConfigurationName = Release;
		};
		D41F69F8210D5D4A006F5F3C /* Build configuration list for PBXProject "memeinator3000" */ = {
			isa = XCConfigurationList;
			buildConfigurations = (
				D41F6A18210D5D4F006F5F3C /* Debug */,
				D41F6A19210D5D4F006F5F3C /* Release */,
			);
			defaultConfigurationIsVisible = 0;
			defaultConfigurationName = Release;
		};
/* End XCConfigurationList section */

/* Begin XCRemoteSwiftPackageReference section */
		0E385F2226E019F10077E40F /* XCRemoteSwiftPackageReference "KeyboardKit" */ = {
			isa = XCRemoteSwiftPackageReference;
			repositoryURL = "https://github.com/KeyboardKit/KeyboardKit.git";
			requirement = {
				kind = upToNextMajorVersion;
				minimumVersion = 4.0.0;
			};
		};
		0E6421BF26DE96A80087E2BB /* XCRemoteSwiftPackageReference "AlertToast" */ = {
			isa = XCRemoteSwiftPackageReference;
			repositoryURL = "https://github.com/elai950/AlertToast.git";
			requirement = {
				kind = upToNextMajorVersion;
				minimumVersion = 1.0.0;
			};
		};
		0EBA3ACD274571CF00058EB2 /* XCRemoteSwiftPackageReference "SwiftUI-Introspect" */ = {
			isa = XCRemoteSwiftPackageReference;
			repositoryURL = "https://github.com/siteline/SwiftUI-Introspect.git";
			requirement = {
				kind = upToNextMajorVersion;
				minimumVersion = 0.1.3;
			};
		};
/* End XCRemoteSwiftPackageReference section */

/* Begin XCSwiftPackageProductDependency section */
		0E385F5326E01BEF0077E40F /* KeyboardKit */ = {
			isa = XCSwiftPackageProductDependency;
			package = 0E385F2226E019F10077E40F /* XCRemoteSwiftPackageReference "KeyboardKit" */;
			productName = KeyboardKit;
		};
		0E6421C026DE96A80087E2BB /* AlertToast */ = {
			isa = XCSwiftPackageProductDependency;
			package = 0E6421BF26DE96A80087E2BB /* XCRemoteSwiftPackageReference "AlertToast" */;
			productName = AlertToast;
		};
		0EBA3ACE274571CF00058EB2 /* Introspect */ = {
			isa = XCSwiftPackageProductDependency;
			package = 0EBA3ACD274571CF00058EB2 /* XCRemoteSwiftPackageReference "SwiftUI-Introspect" */;
			productName = Introspect;
		};
/* End XCSwiftPackageProductDependency section */
	};
	rootObject = D41F69F5210D5D4A006F5F3C /* Project object */;
}
